
Microsoft Visual Studio Solution File, Format Version 12.00
# Visual Studio 14
VisualStudioVersion = 14.0.25420.1
MinimumVisualStudioVersion = 10.0.40219.1
Project("{FAE04EC0-301F-11D3-BF4B-00C04F79EFBC}") = "SudokuSolver", "SudokuSolver\SudokuSolver.csproj", "{04C3C21A-67CC-496B-ACC3-735146FB0513}"
EndProject
Project("{FAE04EC0-301F-11D3-BF4B-00C04F79EFBC}") = "SudokuSolverTests", "SudokuSolverTests\SudokuSolverTests.csproj", "{603B3A17-79C8-476A-88D8-5E9776FD523A}"
EndProject
Global
	GlobalSection(SolutionConfigurationPlatforms) = preSolution
		Debug|Any CPU = Debug|Any CPU
		Release|Any CPU = Release|Any CPU
	EndGlobalSection
	GlobalSection(ProjectConfigurationPlatforms) = postSolution
		{04C3C21A-67CC-496B-ACC3-735146FB0513}.Debug|Any CPU.ActiveCfg = Debug|Any CPU
		{04C3C21A-67CC-496B-ACC3-735146FB0513}.Debug|Any CPU.Build.0 = Debug|Any CPU
		{04C3C21A-67CC-496B-ACC3-735146FB0513}.Release|Any CPU.ActiveCfg = Release|Any CPU
		{04C3C21A-67CC-496B-ACC3-735146FB0513}.Release|Any CPU.Build.0 = Release|Any CPU
		{603B3A17-79C8-476A-88D8-5E9776FD523A}.Debug|Any CPU.ActiveCfg = Debug|Any CPU
		{603B3A17-79C8-476A-88D8-5E9776FD523A}.Debug|Any CPU.Build.0 = Debug|Any CPU
		{603B3A17-79C8-476A-88D8-5E9776FD523A}.Release|Any CPU.ActiveCfg = Release|Any CPU
		{603B3A17-79C8-476A-88D8-5E9776FD523A}.Release|Any CPU.Build.0 = Release|Any CPU
	EndGlobalSection
	GlobalSection(SolutionProperties) = preSolution
		HideSolutionNode = FALSE
	EndGlobalSection
EndGlobal
